
Microsoft Visual Studio Solution File, Format Version 12.00
# Visual Studio Version 17
VisualStudioVersion = 17.5.002.0
MinimumVisualStudioVersion = 10.0.40219.1
Project("{9A19103F-16F7-4668-BE54-9A1E7A4F7556}") = "DesafioPOO", "DesafioPOO.csproj", "{51D65DAB-200C-47EB-A1C0-03AA0D9A4844}"
EndProject
Global
	GlobalSection(SolutionConfigurationPlatforms) = preSolution
		Debug|Any CPU = Debug|Any CPU
		Release|Any CPU = Release|Any CPU
	EndGlobalSection
	GlobalSection(ProjectConfigurationPlatforms) = postSolution
		{51D65DAB-200C-47EB-A1C0-03AA0D9A4844}.Debug|Any CPU.ActiveCfg = Debug|Any CPU
		{51D65DAB-200C-47EB-A1C0-03AA0D9A4844}.Debug|Any CPU.Build.0 = Debug|Any CPU
		{51D65DAB-200C-47EB-A1C0-03AA0D9A4844}.Release|Any CPU.ActiveCfg = Release|Any CPU
		{51D65DAB-200C-47EB-A1C0-03AA0D9A4844}.Release|Any CPU.Build.0 = Release|Any CPU
	EndGlobalSection
	GlobalSection(SolutionProperties) = preSolution
		HideSolutionNode = FALSE
	EndGlobalSection
	GlobalSection(ExtensibilityGlobals) = postSolution
		SolutionGuid = {3B398829-7C7B-4D18-A417-795D8D04C776}
	EndGlobalSection
EndGlobal
